version = 1
revision = 3
requires-python = ">=3.13"

[[package]]
name = "altgraph"
version = "0.17.5"
source = { registry = "https://pypi.org/simple" }
sdist = { url = "https://files.pythonhosted.org/packages/7e/f8/97fdf103f38fed6792a1601dbc16cc8aac56e7459a9fff08c812d8ae177a/altgraph-0.17.5.tar.gz", hash = "sha256:c87b395dd12fabde9c99573a9749d67da8d29ef9de0125c7f536699b4a9bc9e7", size = 48428, upload-time = "2025-11-21T20:35:50.583Z" }
wheels = [
    { url = "https://files.pythonhosted.org/packages/a9/ba/000a1996d4308bc65120167c21241a3b205464a2e0b58deda26ae8ac21d1/altgraph-0.17.5-py2.py3-none-any.whl", hash = "sha256:f3a22400bce1b0c701683820ac4f3b159cd301acab067c51c653e06961600597", size = 21228, upload-time = "2025-11-21T20:35:49.444Z" },
]

[[package]]
name = "glcontext"
version = "3.0.0"
source = { registry = "https://pypi.org/simple" }
sdist = { url = "https://files.pythonhosted.org/packages/3a/80/8238a0e6e972292061176141c1028b5e670aa8c94cf4c2f819bd730d314e/glcontext-3.0.0.tar.gz", hash = "sha256:57168edcd38df2fc0d70c318edf6f7e59091fba1cd3dadb289d0aa50449211ef", size = 16422, upload-time = "2024-08-10T20:01:20.004Z" }
wheels = [
    { url = "https://files.pythonhosted.org/packages/12/be/0ef6a6710164fde818040238b041b02a082a2b9d210f18632ab2354d863e/glcontext-3.0.0-cp313-cp313-macosx_10_13_x86_64.whl", hash = "sha256:5bd37089570d3cdb01c6c0b315c49ce8a4dcdab2c431f5ba9f37a8b633cebfdf", size = 9366, upload-time = "2024-08-10T20:00:30.531Z" },
    { url = "https://files.pythonhosted.org/packages/b9/d7/c3220898d72fbf938660ba5789c19cf245d21b45802a5d86cbcc67d66413/glcontext-3.0.0-cp313-cp313-macosx_11_0_arm64.whl", hash = "sha256:857fd83e60f15580afd369dfb651a10d84a70ec35995622d253551bfb3ff9477", size = 9735, upload-time = "2024-08-10T20:00:31.708Z" },
    { url = "https://files.pythonhosted.org/packages/74/c1/2d57062d2f2f6e55c58b12bdeab2a39b209f959df32039d099ecdfe96bf7/glcontext-3.0.0-cp313-cp313-manylinux_2_5_i686.manylinux1_i686.manylinux_2_17_i686.manylinux2014_i686.whl", hash = "sha256:93fda9b378ce6d91f366e83e71ebdafdd167280a9834d1d6341ce6457c4e42ed", size = 50166, upload-time = "2024-08-10T20:00:32.627Z" },
    { url = "https://files.pythonhosted.org/packages/03/4d/7fee00c76d678b06529e939ab6f3e3190af30208fe2e984526899026a437/glcontext-3.0.0-cp313-cp313-manylinux_2_5_x86_64.manylinux1_x86_64.manylinux_2_17_x86_64.manylinux2014_x86_64.whl", hash = "sha256:89ad50d34aa62f03f6aaf6ae39fc27afd1b0eaefb0281aac51f686dc5672d473", size = 51186, upload-time = "2024-08-10T20:00:33.718Z" },
    { url = "https://files.pythonhosted.org/packages/f0/58/dc9a56192b889587e51ea511804bad5dec816de81ce16831db9fe19d5c40/glcontext-3.0.0-cp313-cp313-musllinux_1_2_i686.whl", hash = "sha256:2634d5e9647a6d7b0c5a5c0c57e91ac98aa79759bffb42459af4374b049fab01", size = 44658, upload-time = "2024-08-10T20:00:35.232Z" },
    { url = "https://files.pythonhosted.org/packages/aa/ed/acb12e67589deaa96ad29d6994c2b9383afd18700f4f2a42ff342628aac5/glcontext-3.0.0-cp313-cp313-musllinux_1_2_x86_64.whl", hash = "sha256:0140c5df37cb48271527355062d35589dc3e1e7e73b51adf9962ed5048115f69", size = 46882, upload-time = "2024-08-10T20:00:36.33Z" },
    { url = "https://files.pythonhosted.org/packages/e0/6d/033ba23466d596c945f5f31f5c4e50cba3bc6664fdee58f6ceab54b76f4b/glcontext-3.0.0-cp313-cp313-win32.whl", hash = "sha256:6678e0552b516fa8fe62f500ef2b953bec991e82a003be2a9840d16556d03d2e", size = 12220, upload-time = "2024-08-10T20:00:37.874Z" },
    { url = "https://files.pythonhosted.org/packages/53/b4/f0e0860526b8661ec6ae2b25a15b61100e551f57f488613c564752173a56/glcontext-3.0.0-cp313-cp313-win_amd64.whl", hash = "sha256:18aa4b1df50e8c8ea39bd0f775f39bcc987521f92c4ed019ec7d70078471354d", size = 12971, upload-time = "2024-08-10T20:00:39.233Z" },
]

[[package]]
name = "gravball"
version = "0.1.0"
source = { virtual = "." }
dependencies = [
    { name = "moderngl" },
    { name = "platformdirs" },
    { name = "pygame" },
]

[package.dev-dependencies]
dev = [
    { name = "pyinstaller" },
]

[package.metadata]
requires-dist = [
    { name = "moderngl", specifier = ">=5.12.0" },
    { name = "platformdirs", specifier = ">=4.10.0" },
    { name = "pygame", specifier = ">=2.6.1" },
]

[package.metadata.requires-dev]
dev = [{ name = "pyinstaller", specifier = ">=6.21.0" }]

[[package]]
name = "macholib"
version = "1.16.4"
source = { registry = "https://pypi.org/simple" }
dependencies = [
    { name = "altgraph" },
]
sdist = { url = "https://files.pythonhosted.org/packages/10/2f/97589876ea967487978071c9042518d28b958d87b17dceb7cdc1d881f963/macholib-1.16.4.tar.gz", hash = "sha256:f408c93ab2e995cd2c46e34fe328b130404be143469e41bc366c807448979362", size = 59427, upload-time = "2025-11-22T08:28:38.373Z" }
wheels = [
    { url = "https://files.pythonhosted.org/packages/c7/d1/a9f36f8ecdf0fb7c9b1e78c8d7af12b8c8754e74851ac7b94a8305540fc7/macholib-1.16.4-py2.py3-none-any.whl", hash = "sha256:da1a3fa8266e30f0ce7e97c6a54eefaae8edd1e5f86f3eb8b95457cae90265ea", size = 38117, upload-time = "2025-11-22T08:28:36.939Z" },
]

[[package]]
name = "moderngl"
version = "5.12.0"
source = { registry = "https://pypi.org/simple" }
dependencies = [
    { name = "glcontext" },
]
sdist = { url = "https://files.pythonhosted.org/packages/da/52/540e2f8c45060bb2709f56eb5a44ae828dfcc97ccecb342c1a7deb467889/moderngl-5.12.0.tar.gz", hash = "sha256:52936a98ccb2f2e1d6e3cb18528b2919f6831e7e3f924e788b5873badce5129b", size = 193232, upload-time = "2024-10-17T12:36:28.002Z" }
wheels = [
    { url = "https://files.pythonhosted.org/packages/39/13/cf493bdc3cb4f7a6b4fb357e683404dc8a97d19f53d501e4afdd679538e2/moderngl-5.12.0-cp313-cp313-macosx_10_13_x86_64.whl", hash = "sha256:f6efb432f5164f871471d1da36e3a4be9dc3efd7a1e48d0ac6b751e556af5d02", size = 112118, upload-time = "2024-10-17T12:37:14.892Z" },
    { url = "https://files.pythonhosted.org/packages/a9/1f/1d84bba5f42fb19ce240d08d5434fe8e2f34341e68bb9fa89336b6cbdcfc/moderngl-5.12.0-cp313-cp313-macosx_11_0_arm64.whl", hash = "sha256:9b09d8d15b2eaab41c8646a664429ec86af225fa25096758497cd212489d2e1e", size = 109371, upload-time = "2024-10-17T12:37:15.992Z" },
    { url = "https://files.pythonhosted.org/packages/be/ae/bda0b95878e2b36eac66f64d88c08e6c8ea759607f7d40e843a21c2f4f32/moderngl-5.12.0-cp313-cp313-manylinux_2_17_x86_64.manylinux2014_x86_64.whl", hash = "sha256:071042dd4846e58cbe204cf49341b62cd209fdcb6d48018feb5a61c66707fcb2", size = 296206, upload-time = "2024-10-17T12:37:17.204Z" },
    { url = "https://files.pythonhosted.org/packages/28/bc/93dc73251bcdb9c0f6f5c9a1d97ec2134672c307c68e6106948eab1f73d4/moderngl-5.12.0-cp313-cp313-manylinux_2_5_i686.manylinux1_i686.manylinux_2_17_i686.manylinux2014_i686.whl", hash = "sha256:91db8302ac7f5d7a82a967388677e1378ff078f1e16d05da37ce77f4633b93b1", size = 270443, upload-time = "2024-10-17T12:37:18.44Z" },
    { url = "https://files.pythonhosted.org/packages/2e/a1/bd72c788b16c2392d3e1ebb570e56d7f871eaa1854f57917c0f131acb365/moderngl-5.12.0-cp313-cp313-musllinux_1_2_i686.whl", hash = "sha256:51971d65ec96a212a814350c8b324ae0754353e1b61826d1a06aa2d060df170e", size = 1345675, upload-time = "2024-10-17T12:37:20.077Z" },
    { url = "https://files.pythonhosted.org/packages/b2/ec/6aff8fa267d9f80e4d32b7a606fdf9f0563103441a7dbaa4f53e272a4ada/moderngl-5.12.0-cp313-cp313-musllinux_1_2_x86_64.whl", hash = "sha256:d56827360c19e831e986243b5daaf6a51006f1ec0d5372084ad446308763d19f", size = 1274906, upload-time = "2024-10-17T12:37:22.372Z" },
    { url = "https://files.pythonhosted.org/packages/9f/4d/dc3ff763c125080e71b1095875f5dcc80949402019abc073bdfdbed1f4c2/moderngl-5.12.0-cp313-cp313-win32.whl", hash = "sha256:caa432c12b138a6c9571719075c4d103bdc2504cd31aeda38a00ad10fcf268cb", size = 101215, upload-time = "2024-10-17T12:37:23.833Z" },
    { url = "https://files.pythonhosted.org/packages/2c/8b/0a264732e0ee49fca109e98ec28f4d0c326ffc31466aa6e9668e8961aabb/moderngl-5.12.0-cp313-cp313-win_amd64.whl", hash = "sha256:e34d1cd38f7998258f76a08bb5e87f351ec653b7ea1928b2711f8719c10cefd1", size = 108514, upload-time = "2024-10-17T12:37:25.304Z" },
]

[[package]]
name = "packaging"
version = "26.2"
source = { registry = "https://pypi.org/simple" }
sdist = { url = "https://files.pythonhosted.org/packages/d7/f1/e7a6dd94a8d4a5626c03e4e99c87f241ba9e350cd9e6d75123f992427270/packaging-26.2.tar.gz", hash = "sha256:ff452ff5a3e828ce110190feff1178bb1f2ea2281fa2075aadb987c2fb221661", size = 228134, upload-time = "2026-04-24T20:15:23.917Z" }
wheels = [
    { url = "https://files.pythonhosted.org/packages/df/b2/87e62e8c3e2f4b32e5fe99e0b86d576da1312593b39f47d8ceef365e95ed/packaging-26.2-py3-none-any.whl", hash = "sha256:5fc45236b9446107ff2415ce77c807cee2862cb6fac22b8a73826d0693b0980e", size = 100195, upload-time = "2026-04-24T20:15:22.081Z" },
]

[[package]]
name = "pefile"
version = "2024.8.26"
source = { registry = "https://pypi.org/simple" }
sdist = { url = "https://files.pythonhosted.org/packages/03/4f/2750f7f6f025a1507cd3b7218691671eecfd0bbebebe8b39aa0fe1d360b8/pefile-2024.8.26.tar.gz", hash = "sha256:3ff6c5d8b43e8c37bb6e6dd5085658d658a7a0bdcd20b6a07b1fcfc1c4e9d632", size = 76008, upload-time = "2024-08-26T20:58:38.155Z" }
wheels = [
    { url = "https://files.pythonhosted.org/packages/54/16/12b82f791c7f50ddec566873d5bdd245baa1491bac11d15ffb98aecc8f8b/pefile-2024.8.26-py3-none-any.whl", hash = "sha256:76f8b485dcd3b1bb8166f1128d395fa3d87af26360c2358fb75b80019b957c6f", size = 74766, upload-time = "2024-08-26T21:01:02.632Z" },
]

[[package]]
name = "platformdirs"
version = "4.10.0"
source = { registry = "https://pypi.org/simple" }
sdist = { url = "https://files.pythonhosted.org/packages/d7/47/e4501f49c178ae1d9f4a75073fda4204f52647993f075a9db4d14930e0c5/platformdirs-4.10.0.tar.gz", hash = "sha256:31e761a6a0ca04faf7353ea759bdba55652be214725111e5aac52dfa29d4bef7", size = 31224, upload-time = "2026-05-28T03:32:53.587Z" }
wheels = [
    { url = "https://files.pythonhosted.org/packages/81/e6/cd9575ac904136b3cbf7aa7ee819ef86eedb7274e46f230e94ea4342e729/platformdirs-4.10.0-py3-none-any.whl", hash = "sha256:fb516cdb12eb0d857d0cd85a7c57cea4d060bee4578d6cf5a14dfdf8cbf8784a", size = 22743, upload-time = "2026-05-28T03:32:52.175Z" },
]

[[package]]
name = "pygame"
version = "2.6.1"
source = { registry = "https://pypi.org/simple" }
sdist = { url = "https://files.pythonhosted.org/packages/49/cc/08bba60f00541f62aaa252ce0cfbd60aebd04616c0b9574f755b583e45ae/pygame-2.6.1.tar.gz", hash = "sha256:56fb02ead529cee00d415c3e007f75e0780c655909aaa8e8bf616ee09c9feb1f", size = 14808125, upload-time = "2024-09-29T13:41:34.698Z" }
wheels = [
    { url = "https://files.pythonhosted.org/packages/e1/91/718acf3e2a9d08a6ddcc96bd02a6f63c99ee7ba14afeaff2a51c987df0b9/pygame-2.6.1-cp313-cp313-macosx_10_13_x86_64.whl", hash = "sha256:ae6039f3a55d800db80e8010f387557b528d34d534435e0871326804df2a62f2", size = 13090765, upload-time = "2024-09-29T14:27:02.377Z" },
    { url = "https://files.pythonhosted.org/packages/0e/c6/9cb315de851a7682d9c7568a41ea042ee98d668cb8deadc1dafcab6116f0/pygame-2.6.1-cp313-cp313-macosx_11_0_arm64.whl", hash = "sha256:2a3a1288e2e9b1e5834e425bedd5ba01a3cd4902b5c2bff8ed4a740ccfe98171", size = 12381704, upload-time = "2024-09-29T14:27:10.228Z" },
    { url = "https://files.pythonhosted.org/packages/9f/8f/617a1196e31ae3b46be6949fbaa95b8c93ce15e0544266198c2266cc1b4d/pygame-2.6.1-cp313-cp313-manylinux_2_17_aarch64.manylinux2014_aarch64.whl", hash = "sha256:27eb17e3dc9640e4b4683074f1890e2e879827447770470c2aba9f125f74510b", size = 13581091, upload-time = "2024-09-29T11:30:27.653Z" },
    { url = "https://files.pythonhosted.org/packages/3b/87/2851a564e40a2dad353f1c6e143465d445dab18a95281f9ea458b94f3608/pygame-2.6.1-cp313-cp313-manylinux_2_17_i686.manylinux2014_i686.whl", hash = "sha256:4c1623180e70a03c4a734deb9bac50fc9c82942ae84a3a220779062128e75f3b", size = 14273844, upload-time = "2024-09-29T11:40:04.138Z" },
    { url = "https://files.pythonhosted.org/packages/85/b5/aa23aa2e70bcba42c989c02e7228273c30f3b44b9b264abb93eaeff43ad7/pygame-2.6.1-cp313-cp313-manylinux_2_17_x86_64.manylinux2014_x86_64.whl", hash = "sha256:ef07c0103d79492c21fced9ad68c11c32efa6801ca1920ebfd0f15fb46c78b1c", size = 13951197, upload-time = "2024-09-29T11:40:06.785Z" },
    { url = "https://files.pythonhosted.org/packages/a6/06/29e939b34d3f1354738c7d201c51c250ad7abefefaf6f8332d962ff67c4b/pygame-2.6.1-cp313-cp313-win32.whl", hash = "sha256:3acd8c009317190c2bfd81db681ecef47d5eb108c2151d09596d9c7ea9df5c0e", size = 10249309, upload-time = "2024-09-29T11:10:23.329Z" },
    { url = "https://files.pythonhosted.org/packages/7e/11/17f7f319ca91824b86557e9303e3b7a71991ef17fd45286bf47d7f0a38e6/pygame-2.6.1-cp313-cp313-win_amd64.whl", hash = "sha256:813af4fba5d0b2cb8e58f5d95f7910295c34067dcc290d34f1be59c48bd1ea6a", size = 10620084, upload-time = "2024-09-29T11:48:51.587Z" },
]

[[package]]
name = "pyinstaller"
version = "6.21.0"
source = { registry = "https://pypi.org/simple" }
dependencies = [
    { name = "altgraph" },
    { name = "macholib", marker = "sys_platform == 'darwin'" },
    { name = "packaging" },
    { name = "pefile", marker = "sys_platform == 'win32'" },
    { name = "pyinstaller-hooks-contrib" },
    { name = "pywin32-ctypes", marker = "sys_platform == 'win32'" },
    { name = "setuptools" },
]
sdist = { url = "https://files.pythonhosted.org/packages/d5/4d/ec706c3fcf39e26888c35b39615ff4d5865d184069666c47492cff1fbe50/pyinstaller-6.21.0.tar.gz", hash = "sha256:bb9fab705983e393a2d1cac77d6972513057ad800215fd861dc15ff5272e98fd", size = 4061519, upload-time = "2026-06-13T14:15:06.25Z" }
wheels = [
    { url = "https://files.pythonhosted.org/packages/0c/4a/53cf98bf66daed012dc9cd78c8203f19a675d696f2fc12afcf8c5049a0e0/pyinstaller-6.21.0-py3-none-macosx_10_13_universal2.whl", hash = "sha256:327d132389f37912609e01be62810cf96b5aa95b613903e4b8692e0d12fb0eda", size = 1052350, upload-time = "2026-06-13T14:13:55.88Z" },
    { url = "https://files.pythonhosted.org/packages/30/83/b591295c352ef464c50b4c6ffff1c4f771d875c9e833f578d1b9f564f6b3/pyinstaller-6.21.0-py3-none-manylinux2014_aarch64.whl", hash = "sha256:7071d4b094d5b40deeef5fa3d3b98a1b846087f7562b49209663d5f9281fe251", size = 748477, upload-time = "2026-06-13T14:14:00.327Z" },
    { url = "https://files.pythonhosted.org/packages/3d/8f/88fff4e403873b1e22286911350e75ff00db014aa08e57045da9d4328993/pyinstaller-6.21.0-py3-none-manylinux2014_i686.whl", hash = "sha256:6b6374d652107dd4a2eeece903ff82bb4045bb5e1006c5a158a6dcdbefe84bf2", size = 760877, upload-time = "2026-06-13T14:14:04.836Z" },
    { url = "https://files.pythonhosted.org/packages/8a/13/f0e48fbdfd1d05d948157121cea8b1b823dcb89efe6934b71fdd8bdb3f0f/pyinstaller-6.21.0-py3-none-manylinux2014_ppc64le.whl", hash = "sha256:4e3108b3f02384560da70e39b8bf22b0ad597d02bd68a40d76ea91c1cfa00cad", size = 759194, upload-time = "2026-06-13T14:14:10.61Z" },
    { url = "https://files.pythonhosted.org/packages/dd/d5/ea7878cf9924ed30d946d8288777424e6d069d94f5bde56b4d0890069664/pyinstaller-6.21.0-py3-none-manylinux2014_s390x.whl", hash = "sha256:697532279f535ad572bda613db4f821540e235c7854ca6da4d3bf0373f4415ee", size = 754979, upload-time = "2026-06-13T14:14:15.226Z" },
    { url = "https://files.pythonhosted.org/packages/9f/09/51b8905714b733bac66dbc041a7821372d70d888d273ae474c4037d4202d/pyinstaller-6.21.0-py3-none-manylinux2014_x86_64.whl", hash = "sha256:605169523a6b5ace39f13dfbff21add9f2bc43df99c7daf9394fefb2c45e8b6f", size = 754812, upload-time = "2026-06-13T14:14:20.264Z" },
    { url = "https://files.pythonhosted.org/packages/4b/43/d77779439d8c6c2e27a77bcfbd1d5cc0f568ebb611bb472b11af81b5f177/pyinstaller-6.21.0-py3-none-musllinux_1_1_aarch64.whl", hash = "sha256:5fa56746c1e76f93634d018502301378a2d0c382553d37d8c3c34ff436c12dd1", size = 753887, upload-time = "2026-06-13T14:14:25.268Z" },
    { url = "https://files.pythonhosted.org/packages/51/8f/c22df1f6837784ac349057ba693f08e7b1ca7a0e06f9c33c63bc6280007b/pyinstaller-6.21.0-py3-none-musllinux_1_1_x86_64.whl", hash = "sha256:42395ec76df8e8120c36b13339d9db8cab83e316a12839ee303cc00fc941bb74", size = 753779, upload-time = "2026-06-13T14:14:29.445Z" },
    { url = "https://files.pythonhosted.org/packages/c9/76/1ce8a27ce62ba8cf3a87c9ce6d575610f4e55d7cb0123e7512fc3f4b921a/pyinstaller-6.21.0-py3-none-win32.whl", hash = "sha256:c6b28d30d8fd99ce162ff3aab5013ed44dbfb747566b1f01b9bed7964d7c14e9", size = 1336462, upload-time = "2026-06-13T14:14:35.785Z" },
    { url = "https://files.pythonhosted.org/packages/c1/fa/ca1d7e5257dd8566a9dfc0dfb02f8a8075eeb53d4b2d3c579f1276759042/pyinstaller-6.21.0-py3-none-win_amd64.whl", hash = "sha256:7fae06c494ce0ebfe6bd3055c0e409def884f63af2e3705d06bd431ad9237fc7", size = 1397487, upload-time = "2026-06-13T14:14:42.328Z" },
    { url = "https://files.pythonhosted.org/packages/dc/75/21b51523ce8d96629b71311775a0a65f5f5a872124ab0de33e5c848f8bff/pyinstaller-6.21.0-py3-none-win_arm64.whl", hash = "sha256:f13c95c9c03fb567217135919f93815c305813126780b0ed6e0123cb8acaf025", size = 1346094, upload-time = "2026-06-13T14:14:48.914Z" },
]

[[package]]
name = "pyinstaller-hooks-contrib"
version = "2026.6"
source = { registry = "https://pypi.org/simple" }
dependencies = [
    { name = "packaging" },
]
sdist = { url = "https://files.pythonhosted.org/packages/94/5b/c9fe0db5e83ee1c39b2258fa21d23b15e1a60786b6c5990ee5074ead8bb6/pyinstaller_hooks_contrib-2026.6.tar.gz", hash = "sha256:bef5002c32f4f50bd55b005da12cff64eca8783e7eaf86a06a62410164bab725", size = 173354, upload-time = "2026-06-08T22:37:16.152Z" }
wheels = [
    { url = "https://files.pythonhosted.org/packages/e7/31/f2d7343d8ed5f7c4678377886f6ce533e6eaaa131b252ce950114c2a7efa/pyinstaller_hooks_contrib-2026.6-py3-none-any.whl", hash = "sha256:fd13b8ac126b35361175edacd41a0d97080b75dd5f4b594ecefefff969509dd3", size = 457159, upload-time = "2026-06-08T22:37:14.722Z" },
]

[[package]]
name = "pywin32-ctypes"
version = "0.2.3"
source = { registry = "https://pypi.org/simple" }
sdist = { url = "https://files.pythonhosted.org/packages/85/9f/01a1a99704853cb63f253eea009390c88e7131c67e66a0a02099a8c917cb/pywin32-ctypes-0.2.3.tar.gz", hash = "sha256:d162dc04946d704503b2edc4d55f3dba5c1d539ead017afa00142c38b9885755", size = 29471, upload-time = "2024-08-14T10:15:34.626Z" }
wheels = [
    { url = "https://files.pythonhosted.org/packages/de/3d/8161f7711c017e01ac9f008dfddd9410dff3674334c233bde66e7ba65bbf/pywin32_ctypes-0.2.3-py3-none-any.whl", hash = "sha256:8a1513379d709975552d202d942d9837758905c8d01eb82b8bcc30918929e7b8", size = 30756, upload-time = "2024-08-14T10:15:33.187Z" },
]

[[package]]
name = "setuptools"
version = "82.0.1"
source = { registry = "https://pypi.org/simple" }
sdist = { url = "https://files.pythonhosted.org/packages/4f/db/cfac1baf10650ab4d1c111714410d2fbb77ac5a616db26775db562c8fab2/setuptools-82.0.1.tar.gz", hash = "sha256:7d872682c5d01cfde07da7bccc7b65469d3dca203318515ada1de5eda35efbf9", size = 1152316, upload-time = "2026-03-09T12:47:17.221Z" }
wheels = [
    { url = "https://files.pythonhosted.org/packages/9d/76/f789f7a86709c6b087c5a2f52f911838cad707cc613162401badc665acfe/setuptools-82.0.1-py3-none-any.whl", hash = "sha256:a59e362652f08dcd477c78bb6e7bd9d80a7995bc73ce773050228a348ce2e5bb", size = 1006223, upload-time = "2026-03-09T12:47:15.026Z" },
]
